
Microsoft Visual Studio Solution File, Format Version 12.00
# Visual Studio Version 16
VisualStudioVersion = 16.0.31624.102
MinimumVisualStudioVersion = 10.0.40219.1
Project("{FAE04EC0-301F-11D3-BF4B-00C04F79EFBC}") = "Elemek", "Elemek\Elemek.csproj", "{27168CDB-5EC5-48BE-972A-BBBEA1658DDC}"
EndProject
Global
	GlobalSection(SolutionConfigurationPlatforms) = preSolution
		Debug|Any CPU = Debug|Any CPU
		Release|Any CPU = Release|Any CPU
	EndGlobalSection
	GlobalSection(ProjectConfigurationPlatforms) = postSolution
		{27168CDB-5EC5-48BE-972A-BBBEA1658DDC}.Debug|Any CPU.ActiveCfg = Debug|Any CPU
		{27168CDB-5EC5-48BE-972A-BBBEA1658DDC}.Debug|Any CPU.Build.0 = Debug|Any CPU
		{27168CDB-5EC5-48BE-972A-BBBEA1658DDC}.Release|Any CPU.ActiveCfg = Release|Any CPU
		{27168CDB-5EC5-48BE-972A-BBBEA1658DDC}.Release|Any CPU.Build.0 = Release|Any CPU
	EndGlobalSection
	GlobalSection(SolutionProperties) = preSolution
		HideSolutionNode = FALSE
	EndGlobalSection
	GlobalSection(ExtensibilityGlobals) = postSolution
		SolutionGuid = {8086707D-9F69-42D8-93A5-AEA4A809D5E2}
	EndGlobalSection
EndGlobal
