
Microsoft Visual Studio Solution File, Format Version 12.00
# Visual Studio Version 16
VisualStudioVersion = 16.0.31624.102
MinimumVisualStudioVersion = 10.0.40219.1
Project("{FAE04EC0-301F-11D3-BF4B-00C04F79EFBC}") = "Ismetles", "Ismetles\Ismetles.csproj", "{29FAA975-A1C7-4535-8714-36E8CC1BD616}"
EndProject
Project("{FAE04EC0-301F-11D3-BF4B-00C04F79EFBC}") = "WpfIsmetles", "WpfIsmetles\WpfIsmetles.csproj", "{55B44122-6175-475D-A13D-0136551EA946}"
EndProject
Global
	GlobalSection(SolutionConfigurationPlatforms) = preSolution
		Debug|Any CPU = Debug|Any CPU
		Release|Any CPU = Release|Any CPU
	EndGlobalSection
	GlobalSection(ProjectConfigurationPlatforms) = postSolution
		{29FAA975-A1C7-4535-8714-36E8CC1BD616}.Debug|Any CPU.ActiveCfg = Debug|Any CPU
		{29FAA975-A1C7-4535-8714-36E8CC1BD616}.Debug|Any CPU.Build.0 = Debug|Any CPU
		{29FAA975-A1C7-4535-8714-36E8CC1BD616}.Release|Any CPU.ActiveCfg = Release|Any CPU
		{29FAA975-A1C7-4535-8714-36E8CC1BD616}.Release|Any CPU.Build.0 = Release|Any CPU
		{55B44122-6175-475D-A13D-0136551EA946}.Debug|Any CPU.ActiveCfg = Debug|Any CPU
		{55B44122-6175-475D-A13D-0136551EA946}.Debug|Any CPU.Build.0 = Debug|Any CPU
		{55B44122-6175-475D-A13D-0136551EA946}.Release|Any CPU.ActiveCfg = Release|Any CPU
		{55B44122-6175-475D-A13D-0136551EA946}.Release|Any CPU.Build.0 = Release|Any CPU
	EndGlobalSection
	GlobalSection(SolutionProperties) = preSolution
		HideSolutionNode = FALSE
	EndGlobalSection
	GlobalSection(ExtensibilityGlobals) = postSolution
		SolutionGuid = {8DB99C8C-B000-4BF1-A00C-F86A43083B6C}
	EndGlobalSection
EndGlobal
