
Microsoft Visual Studio Solution File, Format Version 12.00
# Visual Studio Version 16
VisualStudioVersion = 16.0.31624.102
MinimumVisualStudioVersion = 10.0.40219.1
Project("{FAE04EC0-301F-11D3-BF4B-00C04F79EFBC}") = "Atletika_14ge", "Atletika_14ge\Atletika_14ge.csproj", "{458EF137-27BC-4716-8874-A4347955F336}"
EndProject
Global
	GlobalSection(SolutionConfigurationPlatforms) = preSolution
		Debug|Any CPU = Debug|Any CPU
		Release|Any CPU = Release|Any CPU
	EndGlobalSection
	GlobalSection(ProjectConfigurationPlatforms) = postSolution
		{458EF137-27BC-4716-8874-A4347955F336}.Debug|Any CPU.ActiveCfg = Debug|Any CPU
		{458EF137-27BC-4716-8874-A4347955F336}.Debug|Any CPU.Build.0 = Debug|Any CPU
		{458EF137-27BC-4716-8874-A4347955F336}.Release|Any CPU.ActiveCfg = Release|Any CPU
		{458EF137-27BC-4716-8874-A4347955F336}.Release|Any CPU.Build.0 = Release|Any CPU
	EndGlobalSection
	GlobalSection(SolutionProperties) = preSolution
		HideSolutionNode = FALSE
	EndGlobalSection
	GlobalSection(ExtensibilityGlobals) = postSolution
		SolutionGuid = {5F77E198-5746-47D0-B957-F57AE3360170}
	EndGlobalSection
EndGlobal
